{
  "name": "html-slides",
  "version": "1.0.0",
  "lockfileVersion": 1,
  "requires": true,
  "dependencies": {
    "axios": {
      "version": "0.21.1",
      "resolved": "https://registry.npmjs.org/axios/-/axios-0.21.1.tgz",
      "integrity": "sha512-dKQiRHxGD9PPRIUNIWvZhPTPpl1rf/OxTYKsqKUDjBwYylTvV7SjSHJb9ratfyzM6wCdLCOYLzs73qpg5c4iGA==",
      "requires": {
        "follow-redirects": "^1.10.0"
      }
    },
    "follow-redirects": {
      "version": "1.13.2",
      "resolved": "https://registry.npmjs.org/follow-redirects/-/follow-redirects-1.13.2.tgz",
      "integrity": "sha512-6mPTgLxYm3r6Bkkg0vNM0HTjfGrOEtsfbhagQvbxDEsEkpNhw582upBaoRZylzen6krEmxXJgt9Ju6HiI4O7BA=="
    },
    "saxon-js": {
      "version": "2.0.3",
      "resolved": "https://registry.npmjs.org/saxon-js/-/saxon-js-2.0.3.tgz",
      "integrity": "sha512-vuSb5LBAsp4/SCXd65H7uFzLfrtWD2e0+RA5mWLnKprugWMaF0gXKtKqBChL55/ix4/2JZXTtrw5h7nx02D2jw==",
      "requires": {
        "axios": "^0.21.1"
      }
    },
    "xslt3": {
      "version": "2.0.3",
      "resolved": "https://registry.npmjs.org/xslt3/-/xslt3-2.0.3.tgz",
      "integrity": "sha512-eqMneEpcfQ1SwZlHBEoq6z1t3FLnI4T6zODhZptfiian/rIQUZSioPP5XeGBnOeLxSh6a6uVCPWXHh+fXVAgvw==",
      "requires": {
        "axios": "^0.21.1",
        "saxon-js": "^2.0.2"
      }
    }
  }
}
